
Microsoft Visual Studio Solution File, Format Version 12.00
# Visual Studio Version 16
VisualStudioVersion = 16.0.30011.22
MinimumVisualStudioVersion = 10.0.40219.1
Project("{9A19103F-16F7-4668-BE54-9A1E7A4F7556}") = "Ecommerce_estudo", "Ecommerce_estudo.csproj", "{D3C6BE56-D632-4460-BDC1-C230CCEEE96B}"
EndProject
Global
	GlobalSection(SolutionConfigurationPlatforms) = preSolution
		Debug|Any CPU = Debug|Any CPU
		Release|Any CPU = Release|Any CPU
	EndGlobalSection
	GlobalSection(ProjectConfigurationPlatforms) = postSolution
		{D3C6BE56-D632-4460-BDC1-C230CCEEE96B}.Debug|Any CPU.ActiveCfg = Debug|Any CPU
		{D3C6BE56-D632-4460-BDC1-C230CCEEE96B}.Debug|Any CPU.Build.0 = Debug|Any CPU
		{D3C6BE56-D632-4460-BDC1-C230CCEEE96B}.Release|Any CPU.ActiveCfg = Release|Any CPU
		{D3C6BE56-D632-4460-BDC1-C230CCEEE96B}.Release|Any CPU.Build.0 = Release|Any CPU
	EndGlobalSection
	GlobalSection(SolutionProperties) = preSolution
		HideSolutionNode = FALSE
	EndGlobalSection
	GlobalSection(ExtensibilityGlobals) = postSolution
		SolutionGuid = {B2DF312D-FD59-48F6-BDB8-96F1197E1323}
	EndGlobalSection
EndGlobal
